
Microsoft Visual Studio Solution File, Format Version 12.00
# Visual Studio Version 17
VisualStudioVersion = 17.2.32526.322
MinimumVisualStudioVersion = 10.0.40219.1
Project("{9A19103F-16F7-4668-BE54-9A1E7A4F7556}") = "TaskManagement.IDAM", "TaskManagement.IDAM\TaskManagement.IDAM.csproj", "{AB925A21-AE1A-4AB6-8C45-2A1F46E9D363}"
EndProject
Project("{2150E333-8FDC-42A3-9474-1A3956D46DE8}") = "Src", "Src", "{516ACDED-9C8E-42E4-9897-C87984DBD01A}"
EndProject
Project("{2150E333-8FDC-42A3-9474-1A3956D46DE8}") = "Core", "Core", "{7DD19B95-9564-4EAC-BA5A-07522592976C}"
EndProject
Project("{2150E333-8FDC-42A3-9474-1A3956D46DE8}") = "Infrastructure", "Infrastructure", "{CF389A45-FA8B-420A-AE88-2B96F150FD94}"
EndProject
Project("{2150E333-8FDC-42A3-9474-1A3956D46DE8}") = "Presentation", "Presentation", "{5706FA64-8325-40E8-825F-92576D726C03}"
EndProject
Project("{9A19103F-16F7-4668-BE54-9A1E7A4F7556}") = "Application", "Application\Application.csproj", "{B593805B-5598-4BBC-A37D-7A94D3C80D06}"
EndProject
Project("{9A19103F-16F7-4668-BE54-9A1E7A4F7556}") = "Common", "Common\Common.csproj", "{D5728F2B-95AA-490D-B7F1-6D833EB7A430}"
EndProject
Project("{9A19103F-16F7-4668-BE54-9A1E7A4F7556}") = "Domain", "Domain\Domain.csproj", "{B4E179D5-B37B-4899-AD2B-2ABB4E78A429}"
EndProject
Project("{9A19103F-16F7-4668-BE54-9A1E7A4F7556}") = "Persistance", "Persistance\Persistance.csproj", "{5F10FEFB-E37C-4BE6-A14B-E93944927A31}"
EndProject
Project("{9A19103F-16F7-4668-BE54-9A1E7A4F7556}") = "Api", "Api\Api.csproj", "{D4D0A42B-D004-4B20-91E4-6F5D9174CEAD}"
EndProject
Project("{2150E333-8FDC-42A3-9474-1A3956D46DE8}") = "Authorization", "Authorization", "{F875C3F0-4803-480C-981C-4556BACCF5D5}"
EndProject
Project("{FAE04EC0-301F-11D3-BF4B-00C04F79EFBC}") = "Authorization.Data", "Authorization.Data\Authorization.Data.csproj", "{7B71FB1B-B5F8-42CF-85A9-683AD5F9EA96}"
EndProject
Global
	GlobalSection(SolutionConfigurationPlatforms) = preSolution
		Debug|Any CPU = Debug|Any CPU
		Release|Any CPU = Release|Any CPU
	EndGlobalSection
	GlobalSection(ProjectConfigurationPlatforms) = postSolution
		{AB925A21-AE1A-4AB6-8C45-2A1F46E9D363}.Debug|Any CPU.ActiveCfg = Debug|Any CPU
		{AB925A21-AE1A-4AB6-8C45-2A1F46E9D363}.Debug|Any CPU.Build.0 = Debug|Any CPU
		{AB925A21-AE1A-4AB6-8C45-2A1F46E9D363}.Release|Any CPU.ActiveCfg = Release|Any CPU
		{AB925A21-AE1A-4AB6-8C45-2A1F46E9D363}.Release|Any CPU.Build.0 = Release|Any CPU
		{B593805B-5598-4BBC-A37D-7A94D3C80D06}.Debug|Any CPU.ActiveCfg = Debug|Any CPU
		{B593805B-5598-4BBC-A37D-7A94D3C80D06}.Debug|Any CPU.Build.0 = Debug|Any CPU
		{B593805B-5598-4BBC-A37D-7A94D3C80D06}.Release|Any CPU.ActiveCfg = Release|Any CPU
		{B593805B-5598-4BBC-A37D-7A94D3C80D06}.Release|Any CPU.Build.0 = Release|Any CPU
		{D5728F2B-95AA-490D-B7F1-6D833EB7A430}.Debug|Any CPU.ActiveCfg = Debug|Any CPU
		{D5728F2B-95AA-490D-B7F1-6D833EB7A430}.Debug|Any CPU.Build.0 = Debug|Any CPU
		{D5728F2B-95AA-490D-B7F1-6D833EB7A430}.Release|Any CPU.ActiveCfg = Release|Any CPU
		{D5728F2B-95AA-490D-B7F1-6D833EB7A430}.Release|Any CPU.Build.0 = Release|Any CPU
		{B4E179D5-B37B-4899-AD2B-2ABB4E78A429}.Debug|Any CPU.ActiveCfg = Debug|Any CPU
		{B4E179D5-B37B-4899-AD2B-2ABB4E78A429}.Debug|Any CPU.Build.0 = Debug|Any CPU
		{B4E179D5-B37B-4899-AD2B-2ABB4E78A429}.Release|Any CPU.ActiveCfg = Release|Any CPU
		{B4E179D5-B37B-4899-AD2B-2ABB4E78A429}.Release|Any CPU.Build.0 = Release|Any CPU
		{5F10FEFB-E37C-4BE6-A14B-E93944927A31}.Debug|Any CPU.ActiveCfg = Debug|Any CPU
		{5F10FEFB-E37C-4BE6-A14B-E93944927A31}.Debug|Any CPU.Build.0 = Debug|Any CPU
		{5F10FEFB-E37C-4BE6-A14B-E93944927A31}.Release|Any CPU.ActiveCfg = Release|Any CPU
		{5F10FEFB-E37C-4BE6-A14B-E93944927A31}.Release|Any CPU.Build.0 = Release|Any CPU
		{D4D0A42B-D004-4B20-91E4-6F5D9174CEAD}.Debug|Any CPU.ActiveCfg = Debug|Any CPU
		{D4D0A42B-D004-4B20-91E4-6F5D9174CEAD}.Debug|Any CPU.Build.0 = Debug|Any CPU
		{D4D0A42B-D004-4B20-91E4-6F5D9174CEAD}.Release|Any CPU.ActiveCfg = Release|Any CPU
		{D4D0A42B-D004-4B20-91E4-6F5D9174CEAD}.Release|Any CPU.Build.0 = Release|Any CPU
		{7B71FB1B-B5F8-42CF-85A9-683AD5F9EA96}.Debug|Any CPU.ActiveCfg = Debug|Any CPU
		{7B71FB1B-B5F8-42CF-85A9-683AD5F9EA96}.Debug|Any CPU.Build.0 = Debug|Any CPU
		{7B71FB1B-B5F8-42CF-85A9-683AD5F9EA96}.Release|Any CPU.ActiveCfg = Release|Any CPU
		{7B71FB1B-B5F8-42CF-85A9-683AD5F9EA96}.Release|Any CPU.Build.0 = Release|Any CPU
	EndGlobalSection
	GlobalSection(SolutionProperties) = preSolution
		HideSolutionNode = FALSE
	EndGlobalSection
	GlobalSection(NestedProjects) = preSolution
		{AB925A21-AE1A-4AB6-8C45-2A1F46E9D363} = {F875C3F0-4803-480C-981C-4556BACCF5D5}
		{7DD19B95-9564-4EAC-BA5A-07522592976C} = {516ACDED-9C8E-42E4-9897-C87984DBD01A}
		{CF389A45-FA8B-420A-AE88-2B96F150FD94} = {516ACDED-9C8E-42E4-9897-C87984DBD01A}
		{5706FA64-8325-40E8-825F-92576D726C03} = {516ACDED-9C8E-42E4-9897-C87984DBD01A}
		{B593805B-5598-4BBC-A37D-7A94D3C80D06} = {7DD19B95-9564-4EAC-BA5A-07522592976C}
		{D5728F2B-95AA-490D-B7F1-6D833EB7A430} = {7DD19B95-9564-4EAC-BA5A-07522592976C}
		{B4E179D5-B37B-4899-AD2B-2ABB4E78A429} = {7DD19B95-9564-4EAC-BA5A-07522592976C}
		{5F10FEFB-E37C-4BE6-A14B-E93944927A31} = {CF389A45-FA8B-420A-AE88-2B96F150FD94}
		{D4D0A42B-D004-4B20-91E4-6F5D9174CEAD} = {5706FA64-8325-40E8-825F-92576D726C03}
		{7B71FB1B-B5F8-42CF-85A9-683AD5F9EA96} = {F875C3F0-4803-480C-981C-4556BACCF5D5}
	EndGlobalSection
	GlobalSection(ExtensibilityGlobals) = postSolution
		SolutionGuid = {3851428D-DF21-46B3-98A3-77D4C9336EAB}
	EndGlobalSection
EndGlobal
